// !$*UTF8*$!
{
	archiveVersion = 1;
	classes = {
	};
	objectVersion = 55;
	objects = {

/* Begin PBXBuildFile section */
		6F2FAB57289F29A00032C092 /* Tests_iOS.swift in Sources */ = {isa = PBXBuildFile; fileRef = 6F2FAB56289F29A00032C092 /* Tests_iOS.swift */; };
		6F2FAB59289F29A00032C092 /* Tests_iOSLaunchTests.swift in Sources */ = {isa = PBXBuildFile; fileRef = 6F2FAB58289F29A00032C092 /* Tests_iOSLaunchTests.swift */; };
		6F2FAB63289F29A00032C092 /* Tests_macOS.swift in Sources */ = {isa = PBXBuildFile; fileRef = 6F2FAB62289F29A00032C092 /* Tests_macOS.swift */; };
		6F2FAB65289F29A00032C092 /* Tests_macOSLaunchTests.swift in Sources */ = {isa = PBXBuildFile; fileRef = 6F2FAB64289F29A00032C092 /* Tests_macOSLaunchTests.swift */; };
		6F2FAB66289F29A00032C092 /* MyAuthentication.xcdatamodeld in Sources */ = {isa = PBXBuildFile; fileRef = 6F2FAB3B289F299E0032C092 /* MyAuthentication.xcdatamodeld */; };
		6F2FAB67289F29A00032C092 /* MyAuthentication.xcdatamodeld in Sources */ = {isa = PBXBuildFile; fileRef = 6F2FAB3B289F299E0032C092 /* MyAuthentication.xcdatamodeld */; };
		6F2FAB68289F29A00032C092 /* MyAuthenticationApp.swift in Sources */ = {isa = PBXBuildFile; fileRef = 6F2FAB3D289F299E0032C092 /* MyAuthenticationApp.swift */; };
		6F2FAB69289F29A00032C092 /* MyAuthenticationApp.swift in Sources */ = {isa = PBXBuildFile; fileRef = 6F2FAB3D289F299E0032C092 /* MyAuthenticationApp.swift */; };
		6F2FAB6A289F29A00032C092 /* ContentView.swift in Sources */ = {isa = PBXBuildFile; fileRef = 6F2FAB3E289F299E0032C092 /* ContentView.swift */; };
		6F2FAB6B289F29A00032C092 /* ContentView.swift in Sources */ = {isa = PBXBuildFile; fileRef = 6F2FAB3E289F299E0032C092 /* ContentView.swift */; };
		6F2FAB6C289F29A00032C092 /* Persistence.swift in Sources */ = {isa = PBXBuildFile; fileRef = 6F2FAB3F289F299E0032C092 /* Persistence.swift */; };
		6F2FAB6D289F29A00032C092 /* Persistence.swift in Sources */ = {isa = PBXBuildFile; fileRef = 6F2FAB3F289F299E0032C092 /* Persistence.swift */; };
		6F2FAB6E289F29A00032C092 /* Assets.xcassets in Resources */ = {isa = PBXBuildFile; fileRef = 6F2FAB40289F29A00032C092 /* Assets.xcassets */; };
		6F2FAB6F289F29A00032C092 /* Assets.xcassets in Resources */ = {isa = PBXBuildFile; fileRef = 6F2FAB40289F29A00032C092 /* Assets.xcassets */; };
/* End PBXBuildFile section */

/* Begin PBXContainerItemProxy section */
		6F2FAB53289F29A00032C092 /* PBXContainerItemProxy */ = {
			isa = PBXContainerItemProxy;
			containerPortal = 6F2FAB36289F299E0032C092 /* Project object */;
			proxyType = 1;
			remoteGlobalIDString = 6F2FAB44289F29A00032C092;
			remoteInfo = "MyAuthentication (iOS)";
		};
		6F2FAB5F289F29A00032C092 /* PBXContainerItemProxy */ = {
			isa = PBXContainerItemProxy;
			containerPortal = 6F2FAB36289F299E0032C092 /* Project object */;
			proxyType = 1;
			remoteGlobalIDString = 6F2FAB4A289F29A00032C092;
			remoteInfo = "MyAuthentication (macOS)";
		};
/* End PBXContainerItemProxy section */

/* Begin PBXFileReference section */
		6F2FAB3C289F299E0032C092 /* Shared.xcdatamodel */ = {isa = PBXFileReference; lastKnownFileType = wrapper.xcdatamodel; path = Shared.xcdatamodel; sourceTree = "<group>"; };
		6F2FAB3D289F299E0032C092 /* MyAuthenticationApp.swift */ = {isa = PBXFileReference; lastKnownFileType = sourcecode.swift; path = MyAuthenticationApp.swift; sourceTree = "<group>"; };
		6F2FAB3E289F299E0032C092 /* ContentView.swift */ = {isa = PBXFileReference; lastKnownFileType = sourcecode.swift; path = ContentView.swift; sourceTree = "<group>"; };
		6F2FAB3F289F299E0032C092 /* Persistence.swift */ = {isa = PBXFileReference; lastKnownFileType = sourcecode.swift; path = Persistence.swift; sourceTree = "<group>"; };
		6F2FAB40289F29A00032C092 /* Assets.xcassets */ = {isa = PBXFileReference; lastKnownFileType = folder.assetcatalog; path = Assets.xcassets; sourceTree = "<group>"; };
		6F2FAB45289F29A00032C092 /* MyAuthentication.app */ = {isa = PBXFileReference; explicitFileType = wrapper.application; includeInIndex = 0; path = MyAuthentication.app; sourceTree = BUILT_PRODUCTS_DIR; };
		6F2FAB4B289F29A00032C092 /* MyAuthentication.app */ = {isa = PBXFileReference; explicitFileType = wrapper.application; includeInIndex = 0; path = MyAuthentication.app; sourceTree = BUILT_PRODUCTS_DIR; };
		6F2FAB4D289F29A00032C092 /* macOS.entitlements */ = {isa = PBXFileReference; lastKnownFileType = text.plist.entitlements; path = macOS.entitlements; sourceTree = "<group>"; };
		6F2FAB52289F29A00032C092 /* Tests iOS.xctest */ = {isa = PBXFileReference; explicitFileType = wrapper.cfbundle; includeInIndex = 0; path = "Tests iOS.xctest"; sourceTree = BUILT_PRODUCTS_DIR; };
		6F2FAB56289F29A00032C092 /* Tests_iOS.swift */ = {isa = PBXFileReference; lastKnownFileType = sourcecode.swift; path = Tests_iOS.swift; sourceTree = "<group>"; };
		6F2FAB58289F29A00032C092 /* Tests_iOSLaunchTests.swift */ = {isa = PBXFileReference; lastKnownFileType = sourcecode.swift; path = Tests_iOSLaunchTests.swift; sourceTree = "<group>"; };
		6F2FAB5E289F29A00032C092 /* Tests macOS.xctest */ = {isa = PBXFileReference; explicitFileType = wrapper.cfbundle; includeInIndex = 0; path = "Tests macOS.xctest"; sourceTree = BUILT_PRODUCTS_DIR; };
		6F2FAB62289F29A00032C092 /* Tests_macOS.swift */ = {isa = PBXFileReference; lastKnownFileType = sourcecode.swift; path = Tests_macOS.swift; sourceTree = "<group>"; };
		6F2FAB64289F29A00032C092 /* Tests_macOSLaunchTests.swift */ = {isa = PBXFileReference; lastKnownFileType = sourcecode.swift; path = Tests_macOSLaunchTests.swift; sourceTree = "<group>"; };
/* End PBXFileReference section */

/* Begin PBXFrameworksBuildPhase section */
		6F2FAB42289F29A00032C092 /* Frameworks */ = {
			isa = PBXFrameworksBuildPhase;
			buildActionMask = 2147483647;
			files = (
			);
			runOnlyForDeploymentPostprocessing = 0;
		};
		6F2FAB48289F29A00032C092 /* Frameworks */ = {
			isa = PBXFrameworksBuildPhase;
			buildActionMask = 2147483647;
			files = (
			);
			runOnlyForDeploymentPostprocessing = 0;
		};
		6F2FAB4F289F29A00032C092 /* Frameworks */ = {
			isa = PBXFrameworksBuildPhase;
			buildActionMask = 2147483647;
			files = (
			);
			runOnlyForDeploymentPostprocessing = 0;
		};
		6F2FAB5B289F29A00032C092 /* Frameworks */ = {
			isa = PBXFrameworksBuildPhase;
			buildActionMask = 2147483647;
			files = (
			);
			runOnlyForDeploymentPostprocessing = 0;
		};
/* End PBXFrameworksBuildPhase section */

/* Begin PBXGroup section */
		6F2FAB35289F299E0032C092 = {
			isa = PBXGroup;
			children = (
				6F2FAB3A289F299E0032C092 /* Shared */,
				6F2FAB4C289F29A00032C092 /* macOS */,
				6F2FAB55289F29A00032C092 /* Tests iOS */,
				6F2FAB61289F29A00032C092 /* Tests macOS */,
				6F2FAB46289F29A00032C092 /* Products */,
			);
			sourceTree = "<group>";
		};
		6F2FAB3A289F299E0032C092 /* Shared */ = {
			isa = PBXGroup;
			children = (
				6F2FAB3D289F299E0032C092 /* MyAuthenticationApp.swift */,
				6F2FAB3E289F299E0032C092 /* ContentView.swift */,
				6F2FAB3F289F299E0032C092 /* Persistence.swift */,
				6F2FAB40289F29A00032C092 /* Assets.xcassets */,
				6F2FAB3B289F299E0032C092 /* MyAuthentication.xcdatamodeld */,
			);
			path = Shared;
			sourceTree = "<group>";
		};
		6F2FAB46289F29A00032C092 /* Products */ = {
			isa = PBXGroup;
			children = (
				6F2FAB45289F29A00032C092 /* MyAuthentication.app */,
				6F2FAB4B289F29A00032C092 /* MyAuthentication.app */,
				6F2FAB52289F29A00032C092 /* Tests iOS.xctest */,
				6F2FAB5E289F29A00032C092 /* Tests macOS.xctest */,
			);
			name = Products;
			sourceTree = "<group>";
		};
		6F2FAB4C289F29A00032C092 /* macOS */ = {
			isa = PBXGroup;
			children = (
				6F2FAB4D289F29A00032C092 /* macOS.entitlements */,
			);
			path = macOS;
			sourceTree = "<group>";
		};
		6F2FAB55289F29A00032C092 /* Tests iOS */ = {
			isa = PBXGroup;
			children = (
				6F2FAB56289F29A00032C092 /* Tests_iOS.swift */,
				6F2FAB58289F29A00032C092 /* Tests_iOSLaunchTests.swift */,
			);
			path = "Tests iOS";
			sourceTree = "<group>";
		};
		6F2FAB61289F29A00032C092 /* Tests macOS */ = {
			isa = PBXGroup;
			children = (
				6F2FAB62289F29A00032C092 /* Tests_macOS.swift */,
				6F2FAB64289F29A00032C092 /* Tests_macOSLaunchTests.swift */,
			);
			path = "Tests macOS";
			sourceTree = "<group>";
		};
/* End PBXGroup section */

/* Begin PBXNativeTarget section */
		6F2FAB44289F29A00032C092 /* MyAuthentication (iOS) */ = {
			isa = PBXNativeTarget;
			buildConfigurationList = 6F2FAB72289F29A00032C092 /* Build configuration list for PBXNativeTarget "MyAuthentication (iOS)" */;
			buildPhases = (
				6F2FAB41289F29A00032C092 /* Sources */,
				6F2FAB42289F29A00032C092 /* Frameworks */,
				6F2FAB43289F29A00032C092 /* Resources */,
			);
			buildRules = (
			);
			dependencies = (
			);
			name = "MyAuthentication (iOS)";
			productName = "MyAuthentication (iOS)";
			productReference = 6F2FAB45289F29A00032C092 /* MyAuthentication.app */;
			productType = "com.apple.product-type.application";
		};
		6F2FAB4A289F29A00032C092 /* MyAuthentication (macOS) */ = {
			isa = PBXNativeTarget;
			buildConfigurationList = 6F2FAB75289F29A00032C092 /* Build configuration list for PBXNativeTarget "MyAuthentication (macOS)" */;
			buildPhases = (
				6F2FAB47289F29A00032C092 /* Sources */,
				6F2FAB48289F29A00032C092 /* Frameworks */,
				6F2FAB49289F29A00032C092 /* Resources */,
			);
			buildRules = (
			);
			dependencies = (
			);
			name = "MyAuthentication (macOS)";
			productName = "MyAuthentication (macOS)";
			productReference = 6F2FAB4B289F29A00032C092 /* MyAuthentication.app */;
			productType = "com.apple.product-type.application";
		};
		6F2FAB51289F29A00032C092 /* Tests iOS */ = {
			isa = PBXNativeTarget;
			buildConfigurationList = 6F2FAB78289F29A00032C092 /* Build configuration list for PBXNativeTarget "Tests iOS" */;
			buildPhases = (
				6F2FAB4E289F29A00032C092 /* Sources */,
				6F2FAB4F289F29A00032C092 /* Frameworks */,
				6F2FAB50289F29A00032C092 /* Resources */,
			);
			buildRules = (
			);
			dependencies = (
				6F2FAB54289F29A00032C092 /* PBXTargetDependency */,
			);
			name = "Tests iOS";
			productName = "Tests iOS";
			productReference = 6F2FAB52289F29A00032C092 /* Tests iOS.xctest */;
			productType = "com.apple.product-type.bundle.ui-testing";
		};
		6F2FAB5D289F29A00032C092 /* Tests macOS */ = {
			isa = PBXNativeTarget;
			buildConfigurationList = 6F2FAB7B289F29A00032C092 /* Build configuration list for PBXNativeTarget "Tests macOS" */;
			buildPhases = (
				6F2FAB5A289F29A00032C092 /* Sources */,
				6F2FAB5B289F29A00032C092 /* Frameworks */,
				6F2FAB5C289F29A00032C092 /* Resources */,
			);
			buildRules = (
			);
			dependencies = (
				6F2FAB60289F29A00032C092 /* PBXTargetDependency */,
			);
			name = "Tests macOS";
			productName = "Tests macOS";
			productReference = 6F2FAB5E289F29A00032C092 /* Tests macOS.xctest */;
			productType = "com.apple.product-type.bundle.ui-testing";
		};
/* End PBXNativeTarget section */

/* Begin PBXProject section */
		6F2FAB36289F299E0032C092 /* Project object */ = {
			isa = PBXProject;
			attributes = {
				BuildIndependentTargetsInParallel = 1;
				LastSwiftUpdateCheck = 1340;
				LastUpgradeCheck = 1340;
				TargetAttributes = {
					6F2FAB44289F29A00032C092 = {
						CreatedOnToolsVersion = 13.4.1;
					};
					6F2FAB4A289F29A00032C092 = {
						CreatedOnToolsVersion = 13.4.1;
					};
					6F2FAB51289F29A00032C092 = {
						CreatedOnToolsVersion = 13.4.1;
						TestTargetID = 6F2FAB44289F29A00032C092;
					};
					6F2FAB5D289F29A00032C092 = {
						CreatedOnToolsVersion = 13.4.1;
						TestTargetID = 6F2FAB4A289F29A00032C092;
					};
				};
			};
			buildConfigurationList = 6F2FAB39289F299E0032C092 /* Build configuration list for PBXProject "MyAuthentication" */;
			compatibilityVersion = "Xcode 13.0";
			developmentRegion = en;
			hasScannedForEncodings = 0;
			knownRegions = (
				en,
				Base,
			);
			mainGroup = 6F2FAB35289F299E0032C092;
			productRefGroup = 6F2FAB46289F29A00032C092 /* Products */;
			projectDirPath = "";
			projectRoot = "";
			targets = (
				6F2FAB44289F29A00032C092 /* MyAuthentication (iOS) */,
				6F2FAB4A289F29A00032C092 /* MyAuthentication (macOS) */,
				6F2FAB51289F29A00032C092 /* Tests iOS */,
				6F2FAB5D289F29A00032C092 /* Tests macOS */,
			);
		};
/* End PBXProject section */

/* Begin PBXResourcesBuildPhase section */
		6F2FAB43289F29A00032C092 /* Resources */ = {
			isa = PBXResourcesBuildPhase;
			buildActionMask = 2147483647;
			files = (
				6F2FAB6E289F29A00032C092 /* Assets.xcassets in Resources */,
			);
			runOnlyForDeploymentPostprocessing = 0;
		};
		6F2FAB49289F29A00032C092 /* Resources */ = {
			isa = PBXResourcesBuildPhase;
			buildActionMask = 2147483647;
			files = (
				6F2FAB6F289F29A00032C092 /* Assets.xcassets in Resources */,
			);
			runOnlyForDeploymentPostprocessing = 0;
		};
		6F2FAB50289F29A00032C092 /* Resources */ = {
			isa = PBXResourcesBuildPhase;
			buildActionMask = 2147483647;
			files = (
			);
			runOnlyForDeploymentPostprocessing = 0;
		};
		6F2FAB5C289F29A00032C092 /* Resources */ = {
			isa = PBXResourcesBuildPhase;
			buildActionMask = 2147483647;
			files = (
			);
			runOnlyForDeploymentPostprocessing = 0;
		};
/* End PBXResourcesBuildPhase section */

/* Begin PBXSourcesBuildPhase section */
		6F2FAB41289F29A00032C092 /* Sources */ = {
			isa = PBXSourcesBuildPhase;
			buildActionMask = 2147483647;
			files = (
				6F2FAB66289F29A00032C092 /* MyAuthentication.xcdatamodeld in Sources */,
				6F2FAB6C289F29A00032C092 /* Persistence.swift in Sources */,
				6F2FAB68289F29A00032C092 /* MyAuthenticationApp.swift in Sources */,
				6F2FAB6A289F29A00032C092 /* ContentView.swift in Sources */,
			);
			runOnlyForDeploymentPostprocessing = 0;
		};
		6F2FAB47289F29A00032C092 /* Sources */ = {
			isa = PBXSourcesBuildPhase;
			buildActionMask = 2147483647;
			files = (
				6F2FAB67289F29A00032C092 /* MyAuthentication.xcdatamodeld in Sources */,
				6F2FAB6D289F29A00032C092 /* Persistence.swift in Sources */,
				6F2FAB69289F29A00032C092 /* MyAuthenticationApp.swift in Sources */,
				6F2FAB6B289F29A00032C092 /* ContentView.swift in Sources */,
			);
			runOnlyForDeploymentPostprocessing = 0;
		};
		6F2FAB4E289F29A00032C092 /* Sources */ = {
			isa = PBXSourcesBuildPhase;
			buildActionMask = 2147483647;
			files = (
				6F2FAB59289F29A00032C092 /* Tests_iOSLaunchTests.swift in Sources */,
				6F2FAB57289F29A00032C092 /* Tests_iOS.swift in Sources */,
			);
			runOnlyForDeploymentPostprocessing = 0;
		};
		6F2FAB5A289F29A00032C092 /* Sources */ = {
			isa = PBXSourcesBuildPhase;
			buildActionMask = 2147483647;
			files = (
				6F2FAB65289F29A00032C092 /* Tests_macOSLaunchTests.swift in Sources */,
				6F2FAB63289F29A00032C092 /* Tests_macOS.swift in Sources */,
			);
			runOnlyForDeploymentPostprocessing = 0;
		};
/* End PBXSourcesBuildPhase section */

/* Begin PBXTargetDependency section */
		6F2FAB54289F29A00032C092 /* PBXTargetDependency */ = {
			isa = PBXTargetDependency;
			target = 6F2FAB44289F29A00032C092 /* MyAuthentication (iOS) */;
			targetProxy = 6F2FAB53289F29A00032C092 /* PBXContainerItemProxy */;
		};
		6F2FAB60289F29A00032C092 /* PBXTargetDependency */ = {
			isa = PBXTargetDependency;
			target = 6F2FAB4A289F29A00032C092 /* MyAuthentication (macOS) */;
			targetProxy = 6F2FAB5F289F29A00032C092 /* PBXContainerItemProxy */;
		};
/* End PBXTargetDependency section */

/* Begin XCBuildConfiguration section */
		6F2FAB70289F29A00032C092 /* Debug */ = {
			isa = XCBuildConfiguration;
			buildSettings = {
				ALWAYS_SEARCH_USER_PATHS = NO;
				CLANG_ANALYZER_NONNULL = YES;
				CLANG_ANALYZER_NUMBER_OBJECT_CONVERSION = YES_AGGRESSIVE;
				CLANG_CXX_LANGUAGE_STANDARD = "gnu++17";
				CLANG_ENABLE_MODULES = YES;
				CLANG_ENABLE_OBJC_ARC = YES;
				CLANG_ENABLE_OBJC_WEAK = YES;
				CLANG_WARN_BLOCK_CAPTURE_AUTORELEASING = YES;
				CLANG_WARN_BOOL_CONVERSION = YES;
				CLANG_WARN_COMMA = YES;
				CLANG_WARN_CONSTANT_CONVERSION = YES;
				CLANG_WARN_DEPRECATED_OBJC_IMPLEMENTATIONS = YES;
				CLANG_WARN_DIRECT_OBJC_ISA_USAGE = YES_ERROR;
				CLANG_WARN_DOCUMENTATION_COMMENTS = YES;
				CLANG_WARN_EMPTY_BODY = YES;
				CLANG_WARN_ENUM_CONVERSION = YES;
				CLANG_WARN_INFINITE_RECURSION = YES;
				CLANG_WARN_INT_CONVERSION = YES;
				CLANG_WARN_NON_LITERAL_NULL_CONVERSION = YES;
				CLANG_WARN_OBJC_IMPLICIT_RETAIN_SELF = YES;
				CLANG_WARN_OBJC_LITERAL_CONVERSION = YES;
				CLANG_WARN_OBJC_ROOT_CLASS = YES_ERROR;
				CLANG_WARN_QUOTED_INCLUDE_IN_FRAMEWORK_HEADER = YES;
				CLANG_WARN_RANGE_LOOP_ANALYSIS = YES;
				CLANG_WARN_STRICT_PROTOTYPES = YES;
				CLANG_WARN_SUSPICIOUS_MOVE = YES;
				CLANG_WARN_UNGUARDED_AVAILABILITY = YES_AGGRESSIVE;
				CLANG_WARN_UNREACHABLE_CODE = YES;
				CLANG_WARN__DUPLICATE_METHOD_MATCH = YES;
				COPY_PHASE_STRIP = NO;
				DEBUG_INFORMATION_FORMAT = dwarf;
				ENABLE_STRICT_OBJC_MSGSEND = YES;
				ENABLE_TESTABILITY = YES;
				GCC_C_LANGUAGE_STANDARD = gnu11;
				GCC_DYNAMIC_NO_PIC = NO;
				GCC_NO_COMMON_BLOCKS = YES;
				GCC_OPTIMIZATION_LEVEL = 0;
				GCC_PREPROCESSOR_DEFINITIONS = (
					"DEBUG=1",
					"$(inherited)",
				);
				GCC_WARN_64_TO_32_BIT_CONVERSION = YES;
				GCC_WARN_ABOUT_RETURN_TYPE = YES_ERROR;
				GCC_WARN_UNDECLARED_SELECTOR = YES;
				GCC_WARN_UNINITIALIZED_AUTOS = YES_AGGRESSIVE;
				GCC_WARN_UNUSED_FUNCTION = YES;
				GCC_WARN_UNUSED_VARIABLE = YES;
				MTL_ENABLE_DEBUG_INFO = INCLUDE_SOURCE;
				MTL_FAST_MATH = YES;
				ONLY_ACTIVE_ARCH = YES;
				SWIFT_ACTIVE_COMPILATION_CONDITIONS = DEBUG;
				SWIFT_OPTIMIZATION_LEVEL = "-Onone";
			};
			name = Debug;
		};
		6F2FAB71289F29A00032C092 /* Release */ = {
			isa = XCBuildConfiguration;
			buildSettings = {
				ALWAYS_SEARCH_USER_PATHS = NO;
				CLANG_ANALYZER_NONNULL = YES;
				CLANG_ANALYZER_NUMBER_OBJECT_CONVERSION = YES_AGGRESSIVE;
				CLANG_CXX_LANGUAGE_STANDARD = "gnu++17";
				CLANG_ENABLE_MODULES = YES;
				CLANG_ENABLE_OBJC_ARC = YES;
				CLANG_ENABLE_OBJC_WEAK = YES;
				CLANG_WARN_BLOCK_CAPTURE_AUTORELEASING = YES;
				CLANG_WARN_BOOL_CONVERSION = YES;
				CLANG_WARN_COMMA = YES;
				CLANG_WARN_CONSTANT_CONVERSION = YES;
				CLANG_WARN_DEPRECATED_OBJC_IMPLEMENTATIONS = YES;
				CLANG_WARN_DIRECT_OBJC_ISA_USAGE = YES_ERROR;
				CLANG_WARN_DOCUMENTATION_COMMENTS = YES;
				CLANG_WARN_EMPTY_BODY = YES;
				CLANG_WARN_ENUM_CONVERSION = YES;
				CLANG_WARN_INFINITE_RECURSION = YES;
				CLANG_WARN_INT_CONVERSION = YES;
				CLANG_WARN_NON_LITERAL_NULL_CONVERSION = YES;
				CLANG_WARN_OBJC_IMPLICIT_RETAIN_SELF = YES;
				CLANG_WARN_OBJC_LITERAL_CONVERSION = YES;
				CLANG_WARN_OBJC_ROOT_CLASS = YES_ERROR;
				CLANG_WARN_QUOTED_INCLUDE_IN_FRAMEWORK_HEADER = YES;
				CLANG_WARN_RANGE_LOOP_ANALYSIS = YES;
				CLANG_WARN_STRICT_PROTOTYPES = YES;
				CLANG_WARN_SUSPICIOUS_MOVE = YES;
				CLANG_WARN_UNGUARDED_AVAILABILITY = YES_AGGRESSIVE;
				CLANG_WARN_UNREACHABLE_CODE = YES;
				CLANG_WARN__DUPLICATE_METHOD_MATCH = YES;
				COPY_PHASE_STRIP = NO;
				DEBUG_INFORMATION_FORMAT = "dwarf-with-dsym";
				ENABLE_NS_ASSERTIONS = NO;
				ENABLE_STRICT_OBJC_MSGSEND = YES;
				GCC_C_LANGUAGE_STANDARD = gnu11;
				GCC_NO_COMMON_BLOCKS = YES;
				GCC_WARN_64_TO_32_BIT_CONVERSION = YES;
				GCC_WARN_ABOUT_RETURN_TYPE = YES_ERROR;
				GCC_WARN_UNDECLARED_SELECTOR = YES;
				GCC_WARN_UNINITIALIZED_AUTOS = YES_AGGRESSIVE;
				GCC_WARN_UNUSED_FUNCTION = YES;
				GCC_WARN_UNUSED_VARIABLE = YES;
				MTL_ENABLE_DEBUG_INFO = NO;
				MTL_FAST_MATH = YES;
				SWIFT_COMPILATION_MODE = wholemodule;
				SWIFT_OPTIMIZATION_LEVEL = "-O";
			};
			name = Release;
		};
		6F2FAB73289F29A00032C092 /* Debug */ = {
			isa = XCBuildConfiguration;
			buildSettings = {
				ASSETCATALOG_COMPILER_APPICON_NAME = AppIcon;
				ASSETCATALOG_COMPILER_GLOBAL_ACCENT_COLOR_NAME = AccentColor;
				CODE_SIGN_STYLE = Automatic;
				CURRENT_PROJECT_VERSION = 1;
				DEVELOPMENT_TEAM = K328B98U3F;
				ENABLE_PREVIEWS = YES;
				GENERATE_INFOPLIST_FILE = YES;
				INFOPLIST_KEY_UIApplicationSceneManifest_Generation = YES;
				INFOPLIST_KEY_UIApplicationSupportsIndirectInputEvents = YES;
				INFOPLIST_KEY_UILaunchScreen_Generation = YES;
				INFOPLIST_KEY_UISupportedInterfaceOrientations_iPad = "UIInterfaceOrientationPortrait UIInterfaceOrientationPortraitUpsideDown UIInterfaceOrientationLandscapeLeft UIInterfaceOrientationLandscapeRight";
				INFOPLIST_KEY_UISupportedInterfaceOrientations_iPhone = "UIInterfaceOrientationPortrait UIInterfaceOrientationLandscapeLeft UIInterfaceOrientationLandscapeRight";
				IPHONEOS_DEPLOYMENT_TARGET = 15.5;
				LD_RUNPATH_SEARCH_PATHS = (
					"$(inherited)",
					"@executable_path/Frameworks",
				);
				MARKETING_VERSION = 1.0;
				PRODUCT_BUNDLE_IDENTIFIER = br.com.studies.auth.MyAuthentication;
				PRODUCT_NAME = MyAuthentication;
				SDKROOT = iphoneos;
				SWIFT_EMIT_LOC_STRINGS = YES;
				SWIFT_VERSION = 5.0;
				TARGETED_DEVICE_FAMILY = "1,2";
			};
			name = Debug;
		};
		6F2FAB74289F29A00032C092 /* Release */ = {
			isa = XCBuildConfiguration;
			buildSettings = {
				ASSETCATALOG_COMPILER_APPICON_NAME = AppIcon;
				ASSETCATALOG_COMPILER_GLOBAL_ACCENT_COLOR_NAME = AccentColor;
				CODE_SIGN_STYLE = Automatic;
				CURRENT_PROJECT_VERSION = 1;
				DEVELOPMENT_TEAM = K328B98U3F;
				ENABLE_PREVIEWS = YES;
				GENERATE_INFOPLIST_FILE = YES;
				INFOPLIST_KEY_UIApplicationSceneManifest_Generation = YES;
				INFOPLIST_KEY_UIApplicationSupportsIndirectInputEvents = YES;
				INFOPLIST_KEY_UILaunchScreen_Generation = YES;
				INFOPLIST_KEY_UISupportedInterfaceOrientations_iPad = "UIInterfaceOrientationPortrait UIInterfaceOrientationPortraitUpsideDown UIInterfaceOrientationLandscapeLeft UIInterfaceOrientationLandscapeRight";
				INFOPLIST_KEY_UISupportedInterfaceOrientations_iPhone = "UIInterfaceOrientationPortrait UIInterfaceOrientationLandscapeLeft UIInterfaceOrientationLandscapeRight";
				IPHONEOS_DEPLOYMENT_TARGET = 15.5;
				LD_RUNPATH_SEARCH_PATHS = (
					"$(inherited)",
					"@executable_path/Frameworks",
				);
				MARKETING_VERSION = 1.0;
				PRODUCT_BUNDLE_IDENTIFIER = br.com.studies.auth.MyAuthentication;
				PRODUCT_NAME = MyAuthentication;
				SDKROOT = iphoneos;
				SWIFT_EMIT_LOC_STRINGS = YES;
				SWIFT_VERSION = 5.0;
				TARGETED_DEVICE_FAMILY = "1,2";
				VALIDATE_PRODUCT = YES;
			};
			name = Release;
		};
		6F2FAB76289F29A00032C092 /* Debug */ = {
			isa = XCBuildConfiguration;
			buildSettings = {
				ASSETCATALOG_COMPILER_APPICON_NAME = AppIcon;
				ASSETCATALOG_COMPILER_GLOBAL_ACCENT_COLOR_NAME = AccentColor;
				CODE_SIGN_ENTITLEMENTS = macOS/macOS.entitlements;
				CODE_SIGN_STYLE = Automatic;
				COMBINE_HIDPI_IMAGES = YES;
				CURRENT_PROJECT_VERSION = 1;
				DEVELOPMENT_TEAM = K328B98U3F;
				ENABLE_HARDENED_RUNTIME = YES;
				ENABLE_PREVIEWS = YES;
				GENERATE_INFOPLIST_FILE = YES;
				INFOPLIST_KEY_NSHumanReadableCopyright = "";
				LD_RUNPATH_SEARCH_PATHS = (
					"$(inherited)",
					"@executable_path/../Frameworks",
				);
				MACOSX_DEPLOYMENT_TARGET = 12.3;
				MARKETING_VERSION = 1.0;
				PRODUCT_BUNDLE_IDENTIFIER = br.com.studies.auth.MyAuthentication;
				PRODUCT_NAME = MyAuthentication;
				SDKROOT = macosx;
				SWIFT_EMIT_LOC_STRINGS = YES;
				SWIFT_VERSION = 5.0;
			};
			name = Debug;
		};
		6F2FAB77289F29A00032C092 /* Release */ = {
			isa = XCBuildConfiguration;
			buildSettings = {
				ASSETCATALOG_COMPILER_APPICON_NAME = AppIcon;
				ASSETCATALOG_COMPILER_GLOBAL_ACCENT_COLOR_NAME = AccentColor;
				CODE_SIGN_ENTITLEMENTS = macOS/macOS.entitlements;
				CODE_SIGN_STYLE = Automatic;
				COMBINE_HIDPI_IMAGES = YES;
				CURRENT_PROJECT_VERSION = 1;
				DEVELOPMENT_TEAM = K328B98U3F;
				ENABLE_HARDENED_RUNTIME = YES;
				ENABLE_PREVIEWS = YES;
				GENERATE_INFOPLIST_FILE = YES;
				INFOPLIST_KEY_NSHumanReadableCopyright = "";
				LD_RUNPATH_SEARCH_PATHS = (
					"$(inherited)",
					"@executable_path/../Frameworks",
				);
				MACOSX_DEPLOYMENT_TARGET = 12.3;
				MARKETING_VERSION = 1.0;
				PRODUCT_BUNDLE_IDENTIFIER = br.com.studies.auth.MyAuthentication;
				PRODUCT_NAME = MyAuthentication;
				SDKROOT = macosx;
				SWIFT_EMIT_LOC_STRINGS = YES;
				SWIFT_VERSION = 5.0;
			};
			name = Release;
		};
		6F2FAB79289F29A00032C092 /* Debug */ = {
			isa = XCBuildConfiguration;
			buildSettings = {
				ALWAYS_EMBED_SWIFT_STANDARD_LIBRARIES = YES;
				CODE_SIGN_STYLE = Automatic;
				CURRENT_PROJECT_VERSION = 1;
				DEVELOPMENT_TEAM = K328B98U3F;
				GENERATE_INFOPLIST_FILE = YES;
				IPHONEOS_DEPLOYMENT_TARGET = 15.5;
				MARKETING_VERSION = 1.0;
				PRODUCT_BUNDLE_IDENTIFIER = "br.com.studies.auth.Tests-iOS";
				PRODUCT_NAME = "$(TARGET_NAME)";
				SDKROOT = iphoneos;
				SWIFT_EMIT_LOC_STRINGS = NO;
				SWIFT_VERSION = 5.0;
				TARGETED_DEVICE_FAMILY = "1,2";
				TEST_TARGET_NAME = "MyAuthentication (iOS)";
			};
			name = Debug;
		};
		6F2FAB7A289F29A00032C092 /* Release */ = {
			isa = XCBuildConfiguration;
			buildSettings = {
				ALWAYS_EMBED_SWIFT_STANDARD_LIBRARIES = YES;
				CODE_SIGN_STYLE = Automatic;
				CURRENT_PROJECT_VERSION = 1;
				DEVELOPMENT_TEAM = K328B98U3F;
				GENERATE_INFOPLIST_FILE = YES;
				IPHONEOS_DEPLOYMENT_TARGET = 15.5;
				MARKETING_VERSION = 1.0;
				PRODUCT_BUNDLE_IDENTIFIER = "br.com.studies.auth.Tests-iOS";
				PRODUCT_NAME = "$(TARGET_NAME)";
				SDKROOT = iphoneos;
				SWIFT_EMIT_LOC_STRINGS = NO;
				SWIFT_VERSION = 5.0;
				TARGETED_DEVICE_FAMILY = "1,2";
				TEST_TARGET_NAME = "MyAuthentication (iOS)";
				VALIDATE_PRODUCT = YES;
			};
			name = Release;
		};
		6F2FAB7C289F29A00032C092 /* Debug */ = {
			isa = XCBuildConfiguration;
			buildSettings = {
				ALWAYS_EMBED_SWIFT_STANDARD_LIBRARIES = YES;
				CODE_SIGN_STYLE = Automatic;
				CURRENT_PROJECT_VERSION = 1;
				DEVELOPMENT_TEAM = K328B98U3F;
				GENERATE_INFOPLIST_FILE = YES;
				MACOSX_DEPLOYMENT_TARGET = 12.3;
				MARKETING_VERSION = 1.0;
				PRODUCT_BUNDLE_IDENTIFIER = "br.com.studies.auth.Tests-macOS";
				PRODUCT_NAME = "$(TARGET_NAME)";
				SDKROOT = macosx;
				SWIFT_EMIT_LOC_STRINGS = NO;
				SWIFT_VERSION = 5.0;
				TEST_TARGET_NAME = "MyAuthentication (macOS)";
			};
			name = Debug;
		};
		6F2FAB7D289F29A00032C092 /* Release */ = {
			isa = XCBuildConfiguration;
			buildSettings = {
				ALWAYS_EMBED_SWIFT_STANDARD_LIBRARIES = YES;
				CODE_SIGN_STYLE = Automatic;
				CURRENT_PROJECT_VERSION = 1;
				DEVELOPMENT_TEAM = K328B98U3F;
				GENERATE_INFOPLIST_FILE = YES;
				MACOSX_DEPLOYMENT_TARGET = 12.3;
				MARKETING_VERSION = 1.0;
				PRODUCT_BUNDLE_IDENTIFIER = "br.com.studies.auth.Tests-macOS";
				PRODUCT_NAME = "$(TARGET_NAME)";
				SDKROOT = macosx;
				SWIFT_EMIT_LOC_STRINGS = NO;
				SWIFT_VERSION = 5.0;
				TEST_TARGET_NAME = "MyAuthentication (macOS)";
			};
			name = Release;
		};
/* End XCBuildConfiguration section */

/* Begin XCConfigurationList section */
		6F2FAB39289F299E0032C092 /* Build configuration list for PBXProject "MyAuthentication" */ = {
			isa = XCConfigurationList;
			buildConfigurations = (
				6F2FAB70289F29A00032C092 /* Debug */,
				6F2FAB71289F29A00032C092 /* Release */,
			);
			defaultConfigurationIsVisible = 0;
			defaultConfigurationName = Release;
		};
		6F2FAB72289F29A00032C092 /* Build configuration list for PBXNativeTarget "MyAuthentication (iOS)" */ = {
			isa = XCConfigurationList;
			buildConfigurations = (
				6F2FAB73289F29A00032C092 /* Debug */,
				6F2FAB74289F29A00032C092 /* Release */,
			);
			defaultConfigurationIsVisible = 0;
			defaultConfigurationName = Release;
		};
		6F2FAB75289F29A00032C092 /* Build configuration list for PBXNativeTarget "MyAuthentication (macOS)" */ = {
			isa = XCConfigurationList;
			buildConfigurations = (
				6F2FAB76289F29A00032C092 /* Debug */,
				6F2FAB77289F29A00032C092 /* Release */,
			);
			defaultConfigurationIsVisible = 0;
			defaultConfigurationName = Release;
		};
		6F2FAB78289F29A00032C092 /* Build configuration list for PBXNativeTarget "Tests iOS" */ = {
			isa = XCConfigurationList;
			buildConfigurations = (
				6F2FAB79289F29A00032C092 /* Debug */,
				6F2FAB7A289F29A00032C092 /* Release */,
			);
			defaultConfigurationIsVisible = 0;
			defaultConfigurationName = Release;
		};
		6F2FAB7B289F29A00032C092 /* Build configuration list for PBXNativeTarget "Tests macOS" */ = {
			isa = XCConfigurationList;
			buildConfigurations = (
				6F2FAB7C289F29A00032C092 /* Debug */,
				6F2FAB7D289F29A00032C092 /* Release */,
			);
			defaultConfigurationIsVisible = 0;
			defaultConfigurationName = Release;
		};
/* End XCConfigurationList section */

/* Begin XCVersionGroup section */
		6F2FAB3B289F299E0032C092 /* MyAuthentication.xcdatamodeld */ = {
			isa = XCVersionGroup;
			children = (
				6F2FAB3C289F299E0032C092 /* Shared.xcdatamodel */,
			);
			currentVersion = 6F2FAB3C289F299E0032C092 /* Shared.xcdatamodel */;
			path = MyAuthentication.xcdatamodeld;
			sourceTree = "<group>";
			versionGroupType = wrapper.xcdatamodel;
		};
/* End XCVersionGroup section */
	};
	rootObject = 6F2FAB36289F299E0032C092 /* Project object */;
}
